// !$*UTF8*$!
{
	archiveVersion = 1;
	classes = {
	};
	objectVersion = 52;
	objects = {

/* Begin PBXBuildFile section */
		05408D4A29172E0B00F12033 /* main.swift in Sources */ = {isa = PBXBuildFile; fileRef = 05408D4929172E0B00F12033 /* main.swift */; };
		05408D6B2917330900F12033 /* config.swift in Sources */ = {isa = PBXBuildFile; fileRef = 05408D6A2917330900F12033 /* config.swift */; };
		05512D3C28E31F4700B82172 /* KiwiControls.xcframework in Frameworks */ = {isa = PBXBuildFile; fileRef = 05512D3B28E31F4700B82172 /* KiwiControls.xcframework */; };
		05512D3D28E31F4700B82172 /* KiwiControls.xcframework in Embed Frameworks */ = {isa = PBXBuildFile; fileRef = 05512D3B28E31F4700B82172 /* KiwiControls.xcframework */; settings = {ATTRIBUTES = (CodeSignOnCopy, RemoveHeadersOnCopy, ); }; };
		05512D4728E32B6A00B82172 /* dumper.swift in Sources */ = {isa = PBXBuildFile; fileRef = 05512D4628E32B6A00B82172 /* dumper.swift */; };
		05A5DB9928CC0280005A6087 /* ArisiaLibrary.xcframework in Frameworks */ = {isa = PBXBuildFile; fileRef = 05A5DB9828CC0280005A6087 /* ArisiaLibrary.xcframework */; };
		05A5DB9A28CC0280005A6087 /* ArisiaLibrary.xcframework in Embed Frameworks */ = {isa = PBXBuildFile; fileRef = 05A5DB9828CC0280005A6087 /* ArisiaLibrary.xcframework */; settings = {ATTRIBUTES = (CodeSignOnCopy, RemoveHeadersOnCopy, ); }; };
		05A5DB9D28CC02E5005A6087 /* compile.swift in Sources */ = {isa = PBXBuildFile; fileRef = 05A5DB9C28CC02E5005A6087 /* compile.swift */; };
		05BD8AA428D0C44B00A008C1 /* executor.swift in Sources */ = {isa = PBXBuildFile; fileRef = 05BD8AA328D0C44B00A008C1 /* executor.swift */; };
		05BD8AAB28D0CC4800A008C1 /* KiwiShell.xcframework in Frameworks */ = {isa = PBXBuildFile; fileRef = 05BD8AAA28D0CC4800A008C1 /* KiwiShell.xcframework */; };
		05BD8AAC28D0CC4800A008C1 /* KiwiShell.xcframework in Embed Frameworks */ = {isa = PBXBuildFile; fileRef = 05BD8AAA28D0CC4800A008C1 /* KiwiShell.xcframework */; settings = {ATTRIBUTES = (CodeSignOnCopy, RemoveHeadersOnCopy, ); }; };
		05BD8AAF28D0CC8300A008C1 /* CoconutShell.xcframework in Frameworks */ = {isa = PBXBuildFile; fileRef = 05BD8AAE28D0CC8300A008C1 /* CoconutShell.xcframework */; };
		05BD8AB028D0CC8300A008C1 /* CoconutShell.xcframework in Embed Frameworks */ = {isa = PBXBuildFile; fileRef = 05BD8AAE28D0CC8300A008C1 /* CoconutShell.xcframework */; settings = {ATTRIBUTES = (CodeSignOnCopy, RemoveHeadersOnCopy, ); }; };
		05C2BF4328E2A7CA0059F938 /* main.swift in Sources */ = {isa = PBXBuildFile; fileRef = 05C2BF2E28E2A74A0059F938 /* main.swift */; };
		05C2BF7128E2E2650059F938 /* config.swift in Sources */ = {isa = PBXBuildFile; fileRef = 05C2BF7028E2E2650059F938 /* config.swift */; };
		05C2BF7728E3092E0059F938 /* compile.swift in Sources */ = {isa = PBXBuildFile; fileRef = 05C2BF7628E3092E0059F938 /* compile.swift */; };
		05C2BF7D28E317340059F938 /* ArisiaComponents.xcframework in Frameworks */ = {isa = PBXBuildFile; fileRef = 05C2BF7C28E317340059F938 /* ArisiaComponents.xcframework */; };
		05C2BF7E28E317340059F938 /* ArisiaComponents.xcframework in Embed Frameworks */ = {isa = PBXBuildFile; fileRef = 05C2BF7C28E317340059F938 /* ArisiaComponents.xcframework */; settings = {ATTRIBUTES = (CodeSignOnCopy, RemoveHeadersOnCopy, ); }; };
		05C9C36528C77B8C00E57C5D /* CoconutData.xcframework in Frameworks */ = {isa = PBXBuildFile; fileRef = 05C9C36428C77B8C00E57C5D /* CoconutData.xcframework */; };
		05C9C36628C77B8C00E57C5D /* CoconutData.xcframework in Embed Frameworks */ = {isa = PBXBuildFile; fileRef = 05C9C36428C77B8C00E57C5D /* CoconutData.xcframework */; settings = {ATTRIBUTES = (CodeSignOnCopy, RemoveHeadersOnCopy, ); }; };
		05C9C36A28C77BA300E57C5D /* CoconutDatabase.xcframework in Frameworks */ = {isa = PBXBuildFile; fileRef = 05C9C36928C77BA300E57C5D /* CoconutDatabase.xcframework */; };
		05C9C36B28C77BA300E57C5D /* CoconutDatabase.xcframework in Embed Frameworks */ = {isa = PBXBuildFile; fileRef = 05C9C36928C77BA300E57C5D /* CoconutDatabase.xcframework */; settings = {ATTRIBUTES = (CodeSignOnCopy, RemoveHeadersOnCopy, ); }; };
		05C9C36E28C77BB600E57C5D /* KiwiEngine.xcframework in Frameworks */ = {isa = PBXBuildFile; fileRef = 05C9C36D28C77BB600E57C5D /* KiwiEngine.xcframework */; };
		05C9C36F28C77BB600E57C5D /* KiwiEngine.xcframework in Embed Frameworks */ = {isa = PBXBuildFile; fileRef = 05C9C36D28C77BB600E57C5D /* KiwiEngine.xcframework */; settings = {ATTRIBUTES = (CodeSignOnCopy, RemoveHeadersOnCopy, ); }; };
		05C9C37228C77BC700E57C5D /* KiwiLibrary.xcframework in Frameworks */ = {isa = PBXBuildFile; fileRef = 05C9C37128C77BC700E57C5D /* KiwiLibrary.xcframework */; };
		05C9C37328C77BC700E57C5D /* KiwiLibrary.xcframework in Embed Frameworks */ = {isa = PBXBuildFile; fileRef = 05C9C37128C77BC700E57C5D /* KiwiLibrary.xcframework */; settings = {ATTRIBUTES = (CodeSignOnCopy, RemoveHeadersOnCopy, ); }; };
		05C9C39028C788B000E57C5D /* Cobalt.xcframework in Frameworks */ = {isa = PBXBuildFile; fileRef = 05C9C38F28C788B000E57C5D /* Cobalt.xcframework */; };
		05C9C39128C788B000E57C5D /* Cobalt.xcframework in Embed Frameworks */ = {isa = PBXBuildFile; fileRef = 05C9C38F28C788B000E57C5D /* Cobalt.xcframework */; settings = {ATTRIBUTES = (CodeSignOnCopy, RemoveHeadersOnCopy, ); }; };
		05C9C39428C7898500E57C5D /* config.swift in Sources */ = {isa = PBXBuildFile; fileRef = 05C9C39328C7898500E57C5D /* config.swift */; };
		05E6E28228C7771C0073FDD8 /* main.swift in Sources */ = {isa = PBXBuildFile; fileRef = 05E6E28128C7771C0073FDD8 /* main.swift */; };
/* End PBXBuildFile section */

/* Begin PBXContainerItemProxy section */
		05408D5129172E2A00F12033 /* PBXContainerItemProxy */ = {
			isa = PBXContainerItemProxy;
			containerPortal = 05E6E27628C7771C0073FDD8 /* Project object */;
			proxyType = 1;
			remoteGlobalIDString = 05408D4629172E0B00F12033;
			remoteInfo = arecdecl;
		};
		05408D65291731E300F12033 /* PBXContainerItemProxy */ = {
			isa = PBXContainerItemProxy;
			containerPortal = 05E6E27628C7771C0073FDD8 /* Project object */;
			proxyType = 1;
			remoteGlobalIDString = 05C9C38228C7827B00E57C5D;
			remoteInfo = Install_Bundle;
		};
		05C2BF3728E2A75A0059F938 /* PBXContainerItemProxy */ = {
			isa = PBXContainerItemProxy;
			containerPortal = 05E6E27628C7771C0073FDD8 /* Project object */;
			proxyType = 1;
			remoteGlobalIDString = 05C2BF2B28E2A74A0059F938;
			remoteInfo = adecl;
		};
		05C2BF6A28E2AA230059F938 /* PBXContainerItemProxy */ = {
			isa = PBXContainerItemProxy;
			containerPortal = 05E6E27628C7771C0073FDD8 /* Project object */;
			proxyType = 1;
			remoteGlobalIDString = 05C9C38228C7827B00E57C5D;
			remoteInfo = Install_Bundle;
		};
		05C9C38828C7828600E57C5D /* PBXContainerItemProxy */ = {
			isa = PBXContainerItemProxy;
			containerPortal = 05E6E27628C7771C0073FDD8 /* Project object */;
			proxyType = 1;
			remoteGlobalIDString = 05C9C34E28C779B500E57C5D;
			remoteInfo = ArisiaToolsBundle;
		};
		05C9C38A28C7829000E57C5D /* PBXContainerItemProxy */ = {
			isa = PBXContainerItemProxy;
			containerPortal = 05E6E27628C7771C0073FDD8 /* Project object */;
			proxyType = 1;
			remoteGlobalIDString = 05C9C38228C7827B00E57C5D;
			remoteInfo = Install_Bundle;
		};
		05C9C39C28C791B600E57C5D /* PBXContainerItemProxy */ = {
			isa = PBXContainerItemProxy;
			containerPortal = 05E6E27628C7771C0073FDD8 /* Project object */;
			proxyType = 1;
			remoteGlobalIDString = 05E6E27D28C7771C0073FDD8;
			remoteInfo = asc;
		};
/* End PBXContainerItemProxy section */

/* Begin PBXCopyFilesBuildPhase section */
		05408D4529172E0B00F12033 /* CopyFiles */ = {
			isa = PBXCopyFilesBuildPhase;
			buildActionMask = 2147483647;
			dstPath = /usr/share/man/man1/;
			dstSubfolderSpec = 0;
			files = (
			);
			runOnlyForDeploymentPostprocessing = 1;
		};
		05C2BF2A28E2A74A0059F938 /* CopyFiles */ = {
			isa = PBXCopyFilesBuildPhase;
			buildActionMask = 2147483647;
			dstPath = /usr/share/man/man1/;
			dstSubfolderSpec = 0;
			files = (
			);
			runOnlyForDeploymentPostprocessing = 1;
		};
		05C9C36728C77B8C00E57C5D /* Embed Frameworks */ = {
			isa = PBXCopyFilesBuildPhase;
			buildActionMask = 2147483647;
			dstPath = "";
			dstSubfolderSpec = 10;
			files = (
				05C9C36B28C77BA300E57C5D /* CoconutDatabase.xcframework in Embed Frameworks */,
				05C9C39128C788B000E57C5D /* Cobalt.xcframework in Embed Frameworks */,
				05BD8AB028D0CC8300A008C1 /* CoconutShell.xcframework in Embed Frameworks */,
				05A5DB9A28CC0280005A6087 /* ArisiaLibrary.xcframework in Embed Frameworks */,
				05C2BF7E28E317340059F938 /* ArisiaComponents.xcframework in Embed Frameworks */,
				05C9C36628C77B8C00E57C5D /* CoconutData.xcframework in Embed Frameworks */,
				05C9C36F28C77BB600E57C5D /* KiwiEngine.xcframework in Embed Frameworks */,
				05512D3D28E31F4700B82172 /* KiwiControls.xcframework in Embed Frameworks */,
				05C9C37328C77BC700E57C5D /* KiwiLibrary.xcframework in Embed Frameworks */,
				05BD8AAC28D0CC4800A008C1 /* KiwiShell.xcframework in Embed Frameworks */,
			);
			name = "Embed Frameworks";
			runOnlyForDeploymentPostprocessing = 0;
		};
		05E6E27C28C7771C0073FDD8 /* CopyFiles */ = {
			isa = PBXCopyFilesBuildPhase;
			buildActionMask = 2147483647;
			dstPath = /usr/share/man/man1/;
			dstSubfolderSpec = 0;
			files = (
			);
			runOnlyForDeploymentPostprocessing = 1;
		};
/* End PBXCopyFilesBuildPhase section */

/* Begin PBXFileReference section */
		05408D4729172E0B00F12033 /* arecdecl */ = {isa = PBXFileReference; explicitFileType = "compiled.mach-o.executable"; includeInIndex = 0; path = arecdecl; sourceTree = BUILT_PRODUCTS_DIR; };
		05408D4929172E0B00F12033 /* main.swift */ = {isa = PBXFileReference; lastKnownFileType = sourcecode.swift; path = main.swift; sourceTree = "<group>"; };
		05408D6A2917330900F12033 /* config.swift */ = {isa = PBXFileReference; fileEncoding = 4; lastKnownFileType = sourcecode.swift; path = config.swift; sourceTree = "<group>"; };
		05512D3B28E31F4700B82172 /* KiwiControls.xcframework */ = {isa = PBXFileReference; lastKnownFileType = wrapper.xcframework; name = KiwiControls.xcframework; path = ../../../../Library/Frameworks/KiwiControls.xcframework; sourceTree = "<group>"; };
		05512D4628E32B6A00B82172 /* dumper.swift */ = {isa = PBXFileReference; lastKnownFileType = sourcecode.swift; path = dumper.swift; sourceTree = "<group>"; };
		05A5DB9828CC0280005A6087 /* ArisiaLibrary.xcframework */ = {isa = PBXFileReference; lastKnownFileType = wrapper.xcframework; name = ArisiaLibrary.xcframework; path = ../../../../Library/Frameworks/ArisiaLibrary.xcframework; sourceTree = "<group>"; };
		05A5DB9C28CC02E5005A6087 /* compile.swift */ = {isa = PBXFileReference; lastKnownFileType = sourcecode.swift; path = compile.swift; sourceTree = "<group>"; };
		05BD8AA328D0C44B00A008C1 /* executor.swift */ = {isa = PBXFileReference; lastKnownFileType = sourcecode.swift; path = executor.swift; sourceTree = "<group>"; };
		05BD8AAA28D0CC4800A008C1 /* KiwiShell.xcframework */ = {isa = PBXFileReference; lastKnownFileType = wrapper.xcframework; name = KiwiShell.xcframework; path = ../../../../Library/Frameworks/KiwiShell.xcframework; sourceTree = "<group>"; };
		05BD8AAE28D0CC8300A008C1 /* CoconutShell.xcframework */ = {isa = PBXFileReference; lastKnownFileType = wrapper.xcframework; name = CoconutShell.xcframework; path = ../../../../Library/Frameworks/CoconutShell.xcframework; sourceTree = "<group>"; };
		05C2BF2C28E2A74A0059F938 /* adecl */ = {isa = PBXFileReference; explicitFileType = "compiled.mach-o.executable"; includeInIndex = 0; path = adecl; sourceTree = BUILT_PRODUCTS_DIR; };
		05C2BF2E28E2A74A0059F938 /* main.swift */ = {isa = PBXFileReference; lastKnownFileType = sourcecode.swift; path = main.swift; sourceTree = "<group>"; };
		05C2BF7028E2E2650059F938 /* config.swift */ = {isa = PBXFileReference; fileEncoding = 4; lastKnownFileType = sourcecode.swift; path = config.swift; sourceTree = "<group>"; };
		05C2BF7628E3092E0059F938 /* compile.swift */ = {isa = PBXFileReference; lastKnownFileType = sourcecode.swift; path = compile.swift; sourceTree = "<group>"; };
		05C2BF7C28E317340059F938 /* ArisiaComponents.xcframework */ = {isa = PBXFileReference; lastKnownFileType = wrapper.xcframework; name = ArisiaComponents.xcframework; path = ../../../../Library/Frameworks/ArisiaComponents.xcframework; sourceTree = "<group>"; };
		05C9C34F28C779B500E57C5D /* ArisiaTools.bundle */ = {isa = PBXFileReference; explicitFileType = wrapper.cfbundle; includeInIndex = 0; path = ArisiaTools.bundle; sourceTree = BUILT_PRODUCTS_DIR; };
		05C9C35128C779B500E57C5D /* Info.plist */ = {isa = PBXFileReference; lastKnownFileType = text.plist.xml; path = Info.plist; sourceTree = "<group>"; };
		05C9C36428C77B8C00E57C5D /* CoconutData.xcframework */ = {isa = PBXFileReference; lastKnownFileType = wrapper.xcframework; name = CoconutData.xcframework; path = ../../../../Library/Frameworks/CoconutData.xcframework; sourceTree = "<group>"; };
		05C9C36928C77BA300E57C5D /* CoconutDatabase.xcframework */ = {isa = PBXFileReference; lastKnownFileType = wrapper.xcframework; name = CoconutDatabase.xcframework; path = ../../../../Library/Frameworks/CoconutDatabase.xcframework; sourceTree = "<group>"; };
		05C9C36D28C77BB600E57C5D /* KiwiEngine.xcframework */ = {isa = PBXFileReference; lastKnownFileType = wrapper.xcframework; name = KiwiEngine.xcframework; path = ../../../../Library/Frameworks/KiwiEngine.xcframework; sourceTree = "<group>"; };
		05C9C37128C77BC700E57C5D /* KiwiLibrary.xcframework */ = {isa = PBXFileReference; lastKnownFileType = wrapper.xcframework; name = KiwiLibrary.xcframework; path = ../../../../Library/Frameworks/KiwiLibrary.xcframework; sourceTree = "<group>"; };
		05C9C38F28C788B000E57C5D /* Cobalt.xcframework */ = {isa = PBXFileReference; lastKnownFileType = wrapper.xcframework; name = Cobalt.xcframework; path = ../../../../Library/Frameworks/Cobalt.xcframework; sourceTree = "<group>"; };
		05C9C39328C7898500E57C5D /* config.swift */ = {isa = PBXFileReference; lastKnownFileType = sourcecode.swift; path = config.swift; sourceTree = "<group>"; };
		05E6E27E28C7771C0073FDD8 /* asc */ = {isa = PBXFileReference; explicitFileType = "compiled.mach-o.executable"; includeInIndex = 0; path = asc; sourceTree = BUILT_PRODUCTS_DIR; };
		05E6E28128C7771C0073FDD8 /* main.swift */ = {isa = PBXFileReference; lastKnownFileType = sourcecode.swift; path = main.swift; sourceTree = "<group>"; };
/* End PBXFileReference section */

/* Begin PBXFrameworksBuildPhase section */
		05408D4429172E0B00F12033 /* Frameworks */ = {
			isa = PBXFrameworksBuildPhase;
			buildActionMask = 2147483647;
			files = (
			);
			runOnlyForDeploymentPostprocessing = 0;
		};
		05C2BF2928E2A74A0059F938 /* Frameworks */ = {
			isa = PBXFrameworksBuildPhase;
			buildActionMask = 2147483647;
			files = (
			);
			runOnlyForDeploymentPostprocessing = 0;
		};
		05C9C34C28C779B500E57C5D /* Frameworks */ = {
			isa = PBXFrameworksBuildPhase;
			buildActionMask = 2147483647;
			files = (
				05C9C36A28C77BA300E57C5D /* CoconutDatabase.xcframework in Frameworks */,
				05C9C39028C788B000E57C5D /* Cobalt.xcframework in Frameworks */,
				05BD8AAF28D0CC8300A008C1 /* CoconutShell.xcframework in Frameworks */,
				05A5DB9928CC0280005A6087 /* ArisiaLibrary.xcframework in Frameworks */,
				05C2BF7D28E317340059F938 /* ArisiaComponents.xcframework in Frameworks */,
				05C9C36528C77B8C00E57C5D /* CoconutData.xcframework in Frameworks */,
				05C9C36E28C77BB600E57C5D /* KiwiEngine.xcframework in Frameworks */,
				05512D3C28E31F4700B82172 /* KiwiControls.xcframework in Frameworks */,
				05C9C37228C77BC700E57C5D /* KiwiLibrary.xcframework in Frameworks */,
				05BD8AAB28D0CC4800A008C1 /* KiwiShell.xcframework in Frameworks */,
			);
			runOnlyForDeploymentPostprocessing = 0;
		};
		05E6E27B28C7771C0073FDD8 /* Frameworks */ = {
			isa = PBXFrameworksBuildPhase;
			buildActionMask = 2147483647;
			files = (
			);
			runOnlyForDeploymentPostprocessing = 0;
		};
/* End PBXFrameworksBuildPhase section */

/* Begin PBXGroup section */
		05408D4829172E0B00F12033 /* arecdecl */ = {
			isa = PBXGroup;
			children = (
				05408D4929172E0B00F12033 /* main.swift */,
				05408D6A2917330900F12033 /* config.swift */,
			);
			path = arecdecl;
			sourceTree = "<group>";
		};
		05C2BF3B28E2A7800059F938 /* adecl */ = {
			isa = PBXGroup;
			children = (
				05C2BF2E28E2A74A0059F938 /* main.swift */,
				05C2BF7628E3092E0059F938 /* compile.swift */,
				05C2BF7028E2E2650059F938 /* config.swift */,
				05512D4628E32B6A00B82172 /* dumper.swift */,
			);
			path = adecl;
			sourceTree = "<group>";
		};
		05C9C35028C779B500E57C5D /* ArisiaToolsBundle */ = {
			isa = PBXGroup;
			children = (
				05C9C35128C779B500E57C5D /* Info.plist */,
			);
			path = ArisiaToolsBundle;
			sourceTree = "<group>";
		};
		05C9C36328C77B8C00E57C5D /* Frameworks */ = {
			isa = PBXGroup;
			children = (
				05512D3B28E31F4700B82172 /* KiwiControls.xcframework */,
				05C2BF7C28E317340059F938 /* ArisiaComponents.xcframework */,
				05BD8AAE28D0CC8300A008C1 /* CoconutShell.xcframework */,
				05BD8AAA28D0CC4800A008C1 /* KiwiShell.xcframework */,
				05A5DB9828CC0280005A6087 /* ArisiaLibrary.xcframework */,
				05C9C38F28C788B000E57C5D /* Cobalt.xcframework */,
				05C9C37128C77BC700E57C5D /* KiwiLibrary.xcframework */,
				05C9C36D28C77BB600E57C5D /* KiwiEngine.xcframework */,
				05C9C36928C77BA300E57C5D /* CoconutDatabase.xcframework */,
				05C9C36428C77B8C00E57C5D /* CoconutData.xcframework */,
			);
			name = Frameworks;
			sourceTree = "<group>";
		};
		05C9C37C28C77E8B00E57C5D /* asc */ = {
			isa = PBXGroup;
			children = (
				05E6E28128C7771C0073FDD8 /* main.swift */,
				05C9C39328C7898500E57C5D /* config.swift */,
				05A5DB9C28CC02E5005A6087 /* compile.swift */,
				05BD8AA328D0C44B00A008C1 /* executor.swift */,
			);
			path = asc;
			sourceTree = "<group>";
		};
		05E6E27528C7771C0073FDD8 = {
			isa = PBXGroup;
			children = (
				05E6E28928C777920073FDD8 /* Source */,
				05C9C35028C779B500E57C5D /* ArisiaToolsBundle */,
				05E6E27F28C7771C0073FDD8 /* Products */,
				05C9C36328C77B8C00E57C5D /* Frameworks */,
			);
			sourceTree = "<group>";
		};
		05E6E27F28C7771C0073FDD8 /* Products */ = {
			isa = PBXGroup;
			children = (
				05E6E27E28C7771C0073FDD8 /* asc */,
				05C9C34F28C779B500E57C5D /* ArisiaTools.bundle */,
				05C2BF2C28E2A74A0059F938 /* adecl */,
				05408D4729172E0B00F12033 /* arecdecl */,
			);
			name = Products;
			sourceTree = "<group>";
		};
		05E6E28928C777920073FDD8 /* Source */ = {
			isa = PBXGroup;
			children = (
				05C2BF3B28E2A7800059F938 /* adecl */,
				05C9C37C28C77E8B00E57C5D /* asc */,
				05408D4829172E0B00F12033 /* arecdecl */,
			);
			name = Source;
			path = ../Source;
			sourceTree = "<group>";
		};
/* End PBXGroup section */

/* Begin PBXLegacyTarget section */
		05C9C38228C7827B00E57C5D /* Install_Bundle */ = {
			isa = PBXLegacyTarget;
			buildArgumentsString = "-f ../../Script/install_tool.mk install_bundle";
			buildConfigurationList = 05C9C38328C7827B00E57C5D /* Build configuration list for PBXLegacyTarget "Install_Bundle" */;
			buildPhases = (
			);
			buildToolPath = /usr/bin/make;
			buildWorkingDirectory = "";
			dependencies = (
				05C9C38928C7828600E57C5D /* PBXTargetDependency */,
			);
			name = Install_Bundle;
			passBuildSettingsInEnvironment = 1;
			productName = Install_Bundle;
		};
		05C9C39728C791AE00E57C5D /* Install_Tools */ = {
			isa = PBXLegacyTarget;
			buildArgumentsString = "-f ../../Script/install_tool.mk install_tools";
			buildConfigurationList = 05C9C39828C791AE00E57C5D /* Build configuration list for PBXLegacyTarget "Install_Tools" */;
			buildPhases = (
			);
			buildToolPath = /usr/bin/make;
			buildWorkingDirectory = "";
			dependencies = (
				05408D5229172E2A00F12033 /* PBXTargetDependency */,
				05C2BF3828E2A75A0059F938 /* PBXTargetDependency */,
				05C9C39D28C791B600E57C5D /* PBXTargetDependency */,
			);
			name = Install_Tools;
			passBuildSettingsInEnvironment = 1;
			productName = Install_Tools;
		};
/* End PBXLegacyTarget section */

/* Begin PBXNativeTarget section */
		05408D4629172E0B00F12033 /* arecdecl */ = {
			isa = PBXNativeTarget;
			buildConfigurationList = 05408D4D29172E0B00F12033 /* Build configuration list for PBXNativeTarget "arecdecl" */;
			buildPhases = (
				05408D4329172E0B00F12033 /* Sources */,
				05408D4429172E0B00F12033 /* Frameworks */,
				05408D4529172E0B00F12033 /* CopyFiles */,
			);
			buildRules = (
			);
			dependencies = (
				05408D66291731E300F12033 /* PBXTargetDependency */,
			);
			name = arecdecl;
			productName = arecdecl;
			productReference = 05408D4729172E0B00F12033 /* arecdecl */;
			productType = "com.apple.product-type.tool";
		};
		05C2BF2B28E2A74A0059F938 /* adecl */ = {
			isa = PBXNativeTarget;
			buildConfigurationList = 05C2BF3228E2A74A0059F938 /* Build configuration list for PBXNativeTarget "adecl" */;
			buildPhases = (
				05C2BF2828E2A74A0059F938 /* Sources */,
				05C2BF2928E2A74A0059F938 /* Frameworks */,
				05C2BF2A28E2A74A0059F938 /* CopyFiles */,
			);
			buildRules = (
			);
			dependencies = (
				05C2BF6B28E2AA230059F938 /* PBXTargetDependency */,
			);
			name = adecl;
			productName = adecl;
			productReference = 05C2BF2C28E2A74A0059F938 /* adecl */;
			productType = "com.apple.product-type.tool";
		};
		05C9C34E28C779B500E57C5D /* ArisiaToolsBundle */ = {
			isa = PBXNativeTarget;
			buildConfigurationList = 05C9C35428C779B500E57C5D /* Build configuration list for PBXNativeTarget "ArisiaToolsBundle" */;
			buildPhases = (
				05C9C34B28C779B500E57C5D /* Sources */,
				05C9C34C28C779B500E57C5D /* Frameworks */,
				05C9C34D28C779B500E57C5D /* Resources */,
				05C9C36728C77B8C00E57C5D /* Embed Frameworks */,
			);
			buildRules = (
			);
			dependencies = (
			);
			name = ArisiaToolsBundle;
			productName = ArisiaToolsBundle;
			productReference = 05C9C34F28C779B500E57C5D /* ArisiaTools.bundle */;
			productType = "com.apple.product-type.bundle";
		};
		05E6E27D28C7771C0073FDD8 /* asc */ = {
			isa = PBXNativeTarget;
			buildConfigurationList = 05E6E28528C7771C0073FDD8 /* Build configuration list for PBXNativeTarget "asc" */;
			buildPhases = (
				05E6E27A28C7771C0073FDD8 /* Sources */,
				05E6E27B28C7771C0073FDD8 /* Frameworks */,
				05E6E27C28C7771C0073FDD8 /* CopyFiles */,
			);
			buildRules = (
			);
			dependencies = (
				05C9C38B28C7829000E57C5D /* PBXTargetDependency */,
			);
			name = asc;
			productName = ArisiaTools;
			productReference = 05E6E27E28C7771C0073FDD8 /* asc */;
			productType = "com.apple.product-type.tool";
		};
/* End PBXNativeTarget section */

/* Begin PBXProject section */
		05E6E27628C7771C0073FDD8 /* Project object */ = {
			isa = PBXProject;
			attributes = {
				LastSwiftUpdateCheck = 1240;
				LastUpgradeCheck = 1240;
				TargetAttributes = {
					05408D4629172E0B00F12033 = {
						CreatedOnToolsVersion = 12.4;
					};
					05C2BF2B28E2A74A0059F938 = {
						CreatedOnToolsVersion = 12.4;
					};
					05C9C34E28C779B500E57C5D = {
						CreatedOnToolsVersion = 12.4;
					};
					05C9C38228C7827B00E57C5D = {
						CreatedOnToolsVersion = 12.4;
					};
					05C9C39728C791AE00E57C5D = {
						CreatedOnToolsVersion = 12.4;
					};
					05E6E27D28C7771C0073FDD8 = {
						CreatedOnToolsVersion = 12.4;
					};
				};
			};
			buildConfigurationList = 05E6E27928C7771C0073FDD8 /* Build configuration list for PBXProject "ArisiaTools" */;
			compatibilityVersion = "Xcode 9.3";
			developmentRegion = en;
			hasScannedForEncodings = 0;
			knownRegions = (
				en,
				Base,
			);
			mainGroup = 05E6E27528C7771C0073FDD8;
			productRefGroup = 05E6E27F28C7771C0073FDD8 /* Products */;
			projectDirPath = "";
			projectRoot = "";
			targets = (
				05C9C34E28C779B500E57C5D /* ArisiaToolsBundle */,
				05C9C38228C7827B00E57C5D /* Install_Bundle */,
				05C9C39728C791AE00E57C5D /* Install_Tools */,
				05E6E27D28C7771C0073FDD8 /* asc */,
				05C2BF2B28E2A74A0059F938 /* adecl */,
				05408D4629172E0B00F12033 /* arecdecl */,
			);
		};
/* End PBXProject section */

/* Begin PBXResourcesBuildPhase section */
		05C9C34D28C779B500E57C5D /* Resources */ = {
			isa = PBXResourcesBuildPhase;
			buildActionMask = 2147483647;
			files = (
			);
			runOnlyForDeploymentPostprocessing = 0;
		};
/* End PBXResourcesBuildPhase section */

/* Begin PBXSourcesBuildPhase section */
		05408D4329172E0B00F12033 /* Sources */ = {
			isa = PBXSourcesBuildPhase;
			buildActionMask = 2147483647;
			files = (
				05408D4A29172E0B00F12033 /* main.swift in Sources */,
				05408D6B2917330900F12033 /* config.swift in Sources */,
			);
			runOnlyForDeploymentPostprocessing = 0;
		};
		05C2BF2828E2A74A0059F938 /* Sources */ = {
			isa = PBXSourcesBuildPhase;
			buildActionMask = 2147483647;
			files = (
				05512D4728E32B6A00B82172 /* dumper.swift in Sources */,
				05C2BF4328E2A7CA0059F938 /* main.swift in Sources */,
				05C2BF7128E2E2650059F938 /* config.swift in Sources */,
				05C2BF7728E3092E0059F938 /* compile.swift in Sources */,
			);
			runOnlyForDeploymentPostprocessing = 0;
		};
		05C9C34B28C779B500E57C5D /* Sources */ = {
			isa = PBXSourcesBuildPhase;
			buildActionMask = 2147483647;
			files = (
			);
			runOnlyForDeploymentPostprocessing = 0;
		};
		05E6E27A28C7771C0073FDD8 /* Sources */ = {
			isa = PBXSourcesBuildPhase;
			buildActionMask = 2147483647;
			files = (
				05BD8AA428D0C44B00A008C1 /* executor.swift in Sources */,
				05E6E28228C7771C0073FDD8 /* main.swift in Sources */,
				05C9C39428C7898500E57C5D /* config.swift in Sources */,
				05A5DB9D28CC02E5005A6087 /* compile.swift in Sources */,
			);
			runOnlyForDeploymentPostprocessing = 0;
		};
/* End PBXSourcesBuildPhase section */

/* Begin PBXTargetDependency section */
		05408D5229172E2A00F12033 /* PBXTargetDependency */ = {
			isa = PBXTargetDependency;
			target = 05408D4629172E0B00F12033 /* arecdecl */;
			targetProxy = 05408D5129172E2A00F12033 /* PBXContainerItemProxy */;
		};
		05408D66291731E300F12033 /* PBXTargetDependency */ = {
			isa = PBXTargetDependency;
			target = 05C9C38228C7827B00E57C5D /* Install_Bundle */;
			targetProxy = 05408D65291731E300F12033 /* PBXContainerItemProxy */;
		};
		05C2BF3828E2A75A0059F938 /* PBXTargetDependency */ = {
			isa = PBXTargetDependency;
			target = 05C2BF2B28E2A74A0059F938 /* adecl */;
			targetProxy = 05C2BF3728E2A75A0059F938 /* PBXContainerItemProxy */;
		};
		05C2BF6B28E2AA230059F938 /* PBXTargetDependency */ = {
			isa = PBXTargetDependency;
			target = 05C9C38228C7827B00E57C5D /* Install_Bundle */;
			targetProxy = 05C2BF6A28E2AA230059F938 /* PBXContainerItemProxy */;
		};
		05C9C38928C7828600E57C5D /* PBXTargetDependency */ = {
			isa = PBXTargetDependency;
			target = 05C9C34E28C779B500E57C5D /* ArisiaToolsBundle */;
			targetProxy = 05C9C38828C7828600E57C5D /* PBXContainerItemProxy */;
		};
		05C9C38B28C7829000E57C5D /* PBXTargetDependency */ = {
			isa = PBXTargetDependency;
			target = 05C9C38228C7827B00E57C5D /* Install_Bundle */;
			targetProxy = 05C9C38A28C7829000E57C5D /* PBXContainerItemProxy */;
		};
		05C9C39D28C791B600E57C5D /* PBXTargetDependency */ = {
			isa = PBXTargetDependency;
			target = 05E6E27D28C7771C0073FDD8 /* asc */;
			targetProxy = 05C9C39C28C791B600E57C5D /* PBXContainerItemProxy */;
		};
/* End PBXTargetDependency section */

/* Begin XCBuildConfiguration section */
		05408D4B29172E0B00F12033 /* Debug */ = {
			isa = XCBuildConfiguration;
			buildSettings = {
				CODE_SIGN_STYLE = Automatic;
				DEVELOPMENT_TEAM = TR2DNF3P93;
				ENABLE_HARDENED_RUNTIME = YES;
				FRAMEWORK_SEARCH_PATHS = "$(HOME)/tools/bundles/ArisiaTools.bundle/Contents/Frameworks";
				GCC_OPTIMIZATION_LEVEL = 2;
				INSTALL_PATH = "$(HOME)/tools/bin";
				LD_RUNPATH_SEARCH_PATHS = "$(HOME)/tools/bundles/ArisiaTools.bundle/Contents/Frameworks";
				PRODUCT_NAME = "$(TARGET_NAME)";
				SWIFT_OPTIMIZATION_LEVEL = "-O";
				SWIFT_VERSION = 5.0;
			};
			name = Debug;
		};
		05408D4C29172E0B00F12033 /* Release */ = {
			isa = XCBuildConfiguration;
			buildSettings = {
				CODE_SIGN_STYLE = Automatic;
				DEVELOPMENT_TEAM = TR2DNF3P93;
				ENABLE_HARDENED_RUNTIME = YES;
				FRAMEWORK_SEARCH_PATHS = "$(HOME)/tools/bundles/ArisiaTools.bundle/Contents/Frameworks";
				GCC_OPTIMIZATION_LEVEL = 2;
				INSTALL_PATH = "$(HOME)/tools/bin";
				LD_RUNPATH_SEARCH_PATHS = "$(HOME)/tools/bundles/ArisiaTools.bundle/Contents/Frameworks";
				PRODUCT_NAME = "$(TARGET_NAME)";
				SWIFT_OPTIMIZATION_LEVEL = "-O";
				SWIFT_VERSION = 5.0;
			};
			name = Release;
		};
		05C2BF3028E2A74A0059F938 /* Debug */ = {
			isa = XCBuildConfiguration;
			buildSettings = {
				CODE_SIGN_IDENTITY = "Apple Development";
				CODE_SIGN_STYLE = Automatic;
				DEVELOPMENT_TEAM = TR2DNF3P93;
				ENABLE_HARDENED_RUNTIME = YES;
				FRAMEWORK_SEARCH_PATHS = "$(HOME)/tools/bundles/ArisiaTools.bundle/Contents/Frameworks";
				GCC_OPTIMIZATION_LEVEL = 2;
				INSTALL_PATH = "$(HOME)/tools/bin";
				LD_RUNPATH_SEARCH_PATHS = "$(HOME)/tools/bundles/ArisiaTools.bundle/Contents/Frameworks";
				PRODUCT_NAME = "$(TARGET_NAME)";
				PROVISIONING_PROFILE_SPECIFIER = "";
				SWIFT_OPTIMIZATION_LEVEL = "-O";
				SWIFT_VERSION = 5.0;
			};
			name = Debug;
		};
		05C2BF3128E2A74A0059F938 /* Release */ = {
			isa = XCBuildConfiguration;
			buildSettings = {
				CODE_SIGN_IDENTITY = "Apple Development";
				CODE_SIGN_STYLE = Automatic;
				DEVELOPMENT_TEAM = TR2DNF3P93;
				ENABLE_HARDENED_RUNTIME = YES;
				FRAMEWORK_SEARCH_PATHS = "$(HOME)/tools/bundles/ArisiaTools.bundle/Contents/Frameworks";
				GCC_OPTIMIZATION_LEVEL = 2;
				INSTALL_PATH = "$(HOME)/tools/bin";
				LD_RUNPATH_SEARCH_PATHS = "$(HOME)/tools/bundles/ArisiaTools.bundle/Contents/Frameworks";
				PRODUCT_NAME = "$(TARGET_NAME)";
				PROVISIONING_PROFILE_SPECIFIER = "";
				SWIFT_OPTIMIZATION_LEVEL = "-O";
				SWIFT_VERSION = 5.0;
			};
			name = Release;
		};
		05C9C35228C779B500E57C5D /* Debug */ = {
			isa = XCBuildConfiguration;
			buildSettings = {
				CODE_SIGN_STYLE = Automatic;
				COMBINE_HIDPI_IMAGES = YES;
				DEVELOPMENT_TEAM = TR2DNF3P93;
				INFOPLIST_FILE = ArisiaToolsBundle/Info.plist;
				INSTALL_PATH = "$(HOME)/ltools/bundles";
				PRODUCT_BUNDLE_IDENTIFIER = github.com.steelwheels.ArisiaToolsBundle;
				PRODUCT_NAME = ArisiaTools;
				SKIP_INSTALL = NO;
				WRAPPER_EXTENSION = bundle;
			};
			name = Debug;
		};
		05C9C35328C779B500E57C5D /* Release */ = {
			isa = XCBuildConfiguration;
			buildSettings = {
				CODE_SIGN_STYLE = Automatic;
				COMBINE_HIDPI_IMAGES = YES;
				DEVELOPMENT_TEAM = TR2DNF3P93;
				INFOPLIST_FILE = ArisiaToolsBundle/Info.plist;
				INSTALL_PATH = "$(HOME)/ltools/bundles";
				PRODUCT_BUNDLE_IDENTIFIER = github.com.steelwheels.ArisiaToolsBundle;
				PRODUCT_NAME = ArisiaTools;
				SKIP_INSTALL = NO;
				WRAPPER_EXTENSION = bundle;
			};
			name = Release;
		};
		05C9C38428C7827B00E57C5D /* Debug */ = {
			isa = XCBuildConfiguration;
			buildSettings = {
				CODE_SIGN_STYLE = Automatic;
				DEBUGGING_SYMBOLS = YES;
				DEBUG_INFORMATION_FORMAT = dwarf;
				DEVELOPMENT_TEAM = TR2DNF3P93;
				GCC_GENERATE_DEBUGGING_SYMBOLS = YES;
				GCC_OPTIMIZATION_LEVEL = 0;
				OTHER_CFLAGS = "";
				OTHER_LDFLAGS = "";
				PRODUCT_NAME = "$(TARGET_NAME)";
			};
			name = Debug;
		};
		05C9C38528C7827B00E57C5D /* Release */ = {
			isa = XCBuildConfiguration;
			buildSettings = {
				CODE_SIGN_STYLE = Automatic;
				DEBUG_INFORMATION_FORMAT = "dwarf-with-dsym";
				DEVELOPMENT_TEAM = TR2DNF3P93;
				OTHER_CFLAGS = "";
				OTHER_LDFLAGS = "";
				PRODUCT_NAME = "$(TARGET_NAME)";
			};
			name = Release;
		};
		05C9C39928C791AE00E57C5D /* Debug */ = {
			isa = XCBuildConfiguration;
			buildSettings = {
				CODE_SIGN_STYLE = Automatic;
				DEBUGGING_SYMBOLS = YES;
				DEBUG_INFORMATION_FORMAT = dwarf;
				DEVELOPMENT_TEAM = TR2DNF3P93;
				GCC_GENERATE_DEBUGGING_SYMBOLS = YES;
				GCC_OPTIMIZATION_LEVEL = 0;
				OTHER_CFLAGS = "";
				OTHER_LDFLAGS = "";
				PRODUCT_NAME = "$(TARGET_NAME)";
			};
			name = Debug;
		};
		05C9C39A28C791AE00E57C5D /* Release */ = {
			isa = XCBuildConfiguration;
			buildSettings = {
				CODE_SIGN_STYLE = Automatic;
				DEBUG_INFORMATION_FORMAT = "dwarf-with-dsym";
				DEVELOPMENT_TEAM = TR2DNF3P93;
				OTHER_CFLAGS = "";
				OTHER_LDFLAGS = "";
				PRODUCT_NAME = "$(TARGET_NAME)";
			};
			name = Release;
		};
		05E6E28328C7771C0073FDD8 /* Debug */ = {
			isa = XCBuildConfiguration;
			buildSettings = {
				ALWAYS_SEARCH_USER_PATHS = NO;
				CLANG_ANALYZER_NONNULL = YES;
				CLANG_ANALYZER_NUMBER_OBJECT_CONVERSION = YES_AGGRESSIVE;
				CLANG_CXX_LANGUAGE_STANDARD = "gnu++14";
				CLANG_CXX_LIBRARY = "libc++";
				CLANG_ENABLE_MODULES = YES;
				CLANG_ENABLE_OBJC_ARC = YES;
				CLANG_ENABLE_OBJC_WEAK = YES;
				CLANG_WARN_BLOCK_CAPTURE_AUTORELEASING = YES;
				CLANG_WARN_BOOL_CONVERSION = YES;
				CLANG_WARN_COMMA = YES;
				CLANG_WARN_CONSTANT_CONVERSION = YES;
				CLANG_WARN_DEPRECATED_OBJC_IMPLEMENTATIONS = YES;
				CLANG_WARN_DIRECT_OBJC_ISA_USAGE = YES_ERROR;
				CLANG_WARN_DOCUMENTATION_COMMENTS = YES;
				CLANG_WARN_EMPTY_BODY = YES;
				CLANG_WARN_ENUM_CONVERSION = YES;
				CLANG_WARN_INFINITE_RECURSION = YES;
				CLANG_WARN_INT_CONVERSION = YES;
				CLANG_WARN_NON_LITERAL_NULL_CONVERSION = YES;
				CLANG_WARN_OBJC_IMPLICIT_RETAIN_SELF = YES;
				CLANG_WARN_OBJC_LITERAL_CONVERSION = YES;
				CLANG_WARN_OBJC_ROOT_CLASS = YES_ERROR;
				CLANG_WARN_QUOTED_INCLUDE_IN_FRAMEWORK_HEADER = YES;
				CLANG_WARN_RANGE_LOOP_ANALYSIS = YES;
				CLANG_WARN_STRICT_PROTOTYPES = YES;
				CLANG_WARN_SUSPICIOUS_MOVE = YES;
				CLANG_WARN_UNGUARDED_AVAILABILITY = YES_AGGRESSIVE;
				CLANG_WARN_UNREACHABLE_CODE = YES;
				CLANG_WARN__DUPLICATE_METHOD_MATCH = YES;
				COPY_PHASE_STRIP = NO;
				DEBUG_INFORMATION_FORMAT = dwarf;
				ENABLE_STRICT_OBJC_MSGSEND = YES;
				ENABLE_TESTABILITY = YES;
				GCC_C_LANGUAGE_STANDARD = gnu11;
				GCC_DYNAMIC_NO_PIC = NO;
				GCC_NO_COMMON_BLOCKS = YES;
				GCC_OPTIMIZATION_LEVEL = 0;
				GCC_PREPROCESSOR_DEFINITIONS = (
					"DEBUG=1",
					"$(inherited)",
				);
				GCC_WARN_64_TO_32_BIT_CONVERSION = YES;
				GCC_WARN_ABOUT_RETURN_TYPE = YES_ERROR;
				GCC_WARN_UNDECLARED_SELECTOR = YES;
				GCC_WARN_UNINITIALIZED_AUTOS = YES_AGGRESSIVE;
				GCC_WARN_UNUSED_FUNCTION = YES;
				GCC_WARN_UNUSED_VARIABLE = YES;
				MACOSX_DEPLOYMENT_TARGET = 10.15;
				MTL_ENABLE_DEBUG_INFO = INCLUDE_SOURCE;
				MTL_FAST_MATH = YES;
				ONLY_ACTIVE_ARCH = YES;
				SDKROOT = macosx;
				SWIFT_ACTIVE_COMPILATION_CONDITIONS = DEBUG;
				SWIFT_OPTIMIZATION_LEVEL = "-Onone";
			};
			name = Debug;
		};
		05E6E28428C7771C0073FDD8 /* Release */ = {
			isa = XCBuildConfiguration;
			buildSettings = {
				ALWAYS_SEARCH_USER_PATHS = NO;
				CLANG_ANALYZER_NONNULL = YES;
				CLANG_ANALYZER_NUMBER_OBJECT_CONVERSION = YES_AGGRESSIVE;
				CLANG_CXX_LANGUAGE_STANDARD = "gnu++14";
				CLANG_CXX_LIBRARY = "libc++";
				CLANG_ENABLE_MODULES = YES;
				CLANG_ENABLE_OBJC_ARC = YES;
				CLANG_ENABLE_OBJC_WEAK = YES;
				CLANG_WARN_BLOCK_CAPTURE_AUTORELEASING = YES;
				CLANG_WARN_BOOL_CONVERSION = YES;
				CLANG_WARN_COMMA = YES;
				CLANG_WARN_CONSTANT_CONVERSION = YES;
				CLANG_WARN_DEPRECATED_OBJC_IMPLEMENTATIONS = YES;
				CLANG_WARN_DIRECT_OBJC_ISA_USAGE = YES_ERROR;
				CLANG_WARN_DOCUMENTATION_COMMENTS = YES;
				CLANG_WARN_EMPTY_BODY = YES;
				CLANG_WARN_ENUM_CONVERSION = YES;
				CLANG_WARN_INFINITE_RECURSION = YES;
				CLANG_WARN_INT_CONVERSION = YES;
				CLANG_WARN_NON_LITERAL_NULL_CONVERSION = YES;
				CLANG_WARN_OBJC_IMPLICIT_RETAIN_SELF = YES;
				CLANG_WARN_OBJC_LITERAL_CONVERSION = YES;
				CLANG_WARN_OBJC_ROOT_CLASS = YES_ERROR;
				CLANG_WARN_QUOTED_INCLUDE_IN_FRAMEWORK_HEADER = YES;
				CLANG_WARN_RANGE_LOOP_ANALYSIS = YES;
				CLANG_WARN_STRICT_PROTOTYPES = YES;
				CLANG_WARN_SUSPICIOUS_MOVE = YES;
				CLANG_WARN_UNGUARDED_AVAILABILITY = YES_AGGRESSIVE;
				CLANG_WARN_UNREACHABLE_CODE = YES;
				CLANG_WARN__DUPLICATE_METHOD_MATCH = YES;
				COPY_PHASE_STRIP = NO;
				DEBUG_INFORMATION_FORMAT = "dwarf-with-dsym";
				ENABLE_NS_ASSERTIONS = NO;
				ENABLE_STRICT_OBJC_MSGSEND = YES;
				GCC_C_LANGUAGE_STANDARD = gnu11;
				GCC_NO_COMMON_BLOCKS = YES;
				GCC_WARN_64_TO_32_BIT_CONVERSION = YES;
				GCC_WARN_ABOUT_RETURN_TYPE = YES_ERROR;
				GCC_WARN_UNDECLARED_SELECTOR = YES;
				GCC_WARN_UNINITIALIZED_AUTOS = YES_AGGRESSIVE;
				GCC_WARN_UNUSED_FUNCTION = YES;
				GCC_WARN_UNUSED_VARIABLE = YES;
				MACOSX_DEPLOYMENT_TARGET = 10.15;
				MTL_ENABLE_DEBUG_INFO = NO;
				MTL_FAST_MATH = YES;
				SDKROOT = macosx;
				SWIFT_COMPILATION_MODE = wholemodule;
				SWIFT_OPTIMIZATION_LEVEL = "-O";
			};
			name = Release;
		};
		05E6E28628C7771C0073FDD8 /* Debug */ = {
			isa = XCBuildConfiguration;
			buildSettings = {
				CODE_SIGN_STYLE = Automatic;
				DEVELOPMENT_TEAM = TR2DNF3P93;
				ENABLE_HARDENED_RUNTIME = YES;
				FRAMEWORK_SEARCH_PATHS = "$(HOME)/tools/bundles/ArisiaTools.bundle/Contents/Frameworks";
				GCC_OPTIMIZATION_LEVEL = 2;
				INSTALL_PATH = "$(HOME)/tools/bin";
				LD_RUNPATH_SEARCH_PATHS = "$(HOME)/tools/bundles/ArisiaTools.bundle/Contents/Frameworks";
				PRODUCT_NAME = "$(TARGET_NAME)";
				SWIFT_OPTIMIZATION_LEVEL = "-O";
				SWIFT_VERSION = 5.0;
			};
			name = Debug;
		};
		05E6E28728C7771C0073FDD8 /* Release */ = {
			isa = XCBuildConfiguration;
			buildSettings = {
				CODE_SIGN_STYLE = Automatic;
				DEVELOPMENT_TEAM = TR2DNF3P93;
				ENABLE_HARDENED_RUNTIME = YES;
				FRAMEWORK_SEARCH_PATHS = "$(HOME)/tools/bundles/ArisiaTools.bundle/Contents/Frameworks";
				GCC_OPTIMIZATION_LEVEL = 2;
				INSTALL_PATH = "$(HOME)/tools/bin";
				LD_RUNPATH_SEARCH_PATHS = "$(HOME)/tools/bundles/ArisiaTools.bundle/Contents/Frameworks";
				PRODUCT_NAME = "$(TARGET_NAME)";
				SWIFT_OPTIMIZATION_LEVEL = "-O";
				SWIFT_VERSION = 5.0;
			};
			name = Release;
		};
/* End XCBuildConfiguration section */

/* Begin XCConfigurationList section */
		05408D4D29172E0B00F12033 /* Build configuration list for PBXNativeTarget "arecdecl" */ = {
			isa = XCConfigurationList;
			buildConfigurations = (
				05408D4B29172E0B00F12033 /* Debug */,
				05408D4C29172E0B00F12033 /* Release */,
			);
			defaultConfigurationIsVisible = 0;
			defaultConfigurationName = Release;
		};
		05C2BF3228E2A74A0059F938 /* Build configuration list for PBXNativeTarget "adecl" */ = {
			isa = XCConfigurationList;
			buildConfigurations = (
				05C2BF3028E2A74A0059F938 /* Debug */,
				05C2BF3128E2A74A0059F938 /* Release */,
			);
			defaultConfigurationIsVisible = 0;
			defaultConfigurationName = Release;
		};
		05C9C35428C779B500E57C5D /* Build configuration list for PBXNativeTarget "ArisiaToolsBundle" */ = {
			isa = XCConfigurationList;
			buildConfigurations = (
				05C9C35228C779B500E57C5D /* Debug */,
				05C9C35328C779B500E57C5D /* Release */,
			);
			defaultConfigurationIsVisible = 0;
			defaultConfigurationName = Release;
		};
		05C9C38328C7827B00E57C5D /* Build configuration list for PBXLegacyTarget "Install_Bundle" */ = {
			isa = XCConfigurationList;
			buildConfigurations = (
				05C9C38428C7827B00E57C5D /* Debug */,
				05C9C38528C7827B00E57C5D /* Release */,
			);
			defaultConfigurationIsVisible = 0;
			defaultConfigurationName = Release;
		};
		05C9C39828C791AE00E57C5D /* Build configuration list for PBXLegacyTarget "Install_Tools" */ = {
			isa = XCConfigurationList;
			buildConfigurations = (
				05C9C39928C791AE00E57C5D /* Debug */,
				05C9C39A28C791AE00E57C5D /* Release */,
			);
			defaultConfigurationIsVisible = 0;
			defaultConfigurationName = Release;
		};
		05E6E27928C7771C0073FDD8 /* Build configuration list for PBXProject "ArisiaTools" */ = {
			isa = XCConfigurationList;
			buildConfigurations = (
				05E6E28328C7771C0073FDD8 /* Debug */,
				05E6E28428C7771C0073FDD8 /* Release */,
			);
			defaultConfigurationIsVisible = 0;
			defaultConfigurationName = Release;
		};
		05E6E28528C7771C0073FDD8 /* Build configuration list for PBXNativeTarget "asc" */ = {
			isa = XCConfigurationList;
			buildConfigurations = (
				05E6E28628C7771C0073FDD8 /* Debug */,
				05E6E28728C7771C0073FDD8 /* Release */,
			);
			defaultConfigurationIsVisible = 0;
			defaultConfigurationName = Release;
		};
/* End XCConfigurationList section */
	};
	rootObject = 05E6E27628C7771C0073FDD8 /* Project object */;
}
